
Microsoft Visual Studio Solution File, Format Version 12.00
# Visual Studio 14
VisualStudioVersion = 14.0.23107.0
MinimumVisualStudioVersion = 10.0.40219.1
Project("{FAE04EC0-301F-11D3-BF4B-00C04F79EFBC}") = "CatmullRomSpline", "CatmullRomSpline.csproj", "{8C9CACA2-24D3-41C8-B049-2D223EBC8CD7}"
EndProject
Project("{FAE04EC0-301F-11D3-BF4B-00C04F79EFBC}") = "CatmullRomSplineTest", "CatmullRomSplineTest\CatmullRomSplineTest.csproj", "{ED631871-F802-4C51-BF78-2F8BE39542DC}"
EndProject
Global
	GlobalSection(SolutionConfigurationPlatforms) = preSolution
		Debug|Any CPU = Debug|Any CPU
		Release|Any CPU = Release|Any CPU
	EndGlobalSection
	GlobalSection(ProjectConfigurationPlatforms) = postSolution
		{8C9CACA2-24D3-41C8-B049-2D223EBC8CD7}.Debug|Any CPU.ActiveCfg = Debug|Any CPU
		{8C9CACA2-24D3-41C8-B049-2D223EBC8CD7}.Debug|Any CPU.Build.0 = Debug|Any CPU
		{8C9CACA2-24D3-41C8-B049-2D223EBC8CD7}.Release|Any CPU.ActiveCfg = Release|Any CPU
		{8C9CACA2-24D3-41C8-B049-2D223EBC8CD7}.Release|Any CPU.Build.0 = Release|Any CPU
		{ED631871-F802-4C51-BF78-2F8BE39542DC}.Debug|Any CPU.ActiveCfg = Debug|Any CPU
		{ED631871-F802-4C51-BF78-2F8BE39542DC}.Debug|Any CPU.Build.0 = Debug|Any CPU
		{ED631871-F802-4C51-BF78-2F8BE39542DC}.Release|Any CPU.ActiveCfg = Release|Any CPU
		{ED631871-F802-4C51-BF78-2F8BE39542DC}.Release|Any CPU.Build.0 = Release|Any CPU
	EndGlobalSection
	GlobalSection(SolutionProperties) = preSolution
		HideSolutionNode = FALSE
	EndGlobalSection
EndGlobal
